{
  "requires": true,
  "lockfileVersion": 1,
  "dependencies": {
    "draco3d": {
      "version": "1.4.1",
      "resolved": "https://registry.npmjs.org/draco3d/-/draco3d-1.4.1.tgz",
      "integrity": "sha512-9Rxonc70xiovBC+Bq1h57SNZIHzWTibU1VfIGp5z3Xx8dPtv4yT5uGhiH7P5uvJRR2jkrvHafRxR7bTANkvfpg=="
    }
  }
}
